
Microsoft Visual Studio Solution File, Format Version 12.00
# Visual Studio 15
Project("{FAE04EC0-301F-11D3-BF4B-00C04F79EFBC}") = "Snake", "Snake.csproj", "{9B89BB6C-D09B-ED92-A105-B53E0937A9EA}"
EndProject
Global
	GlobalSection(SolutionConfigurationPlatforms) = preSolution
		Debug|Any CPU = Debug|Any CPU
		Release|Any CPU = Release|Any CPU
	EndGlobalSection
	GlobalSection(ProjectConfigurationPlatforms) = postSolution
		{9B89BB6C-D09B-ED92-A105-B53E0937A9EA}.Debug|Any CPU.ActiveCfg = Debug|Any CPU
		{9B89BB6C-D09B-ED92-A105-B53E0937A9EA}.Debug|Any CPU.Build.0 = Debug|Any CPU
		{9B89BB6C-D09B-ED92-A105-B53E0937A9EA}.Release|Any CPU.ActiveCfg = Release|Any CPU
		{9B89BB6C-D09B-ED92-A105-B53E0937A9EA}.Release|Any CPU.Build.0 = Release|Any CPU
	EndGlobalSection
	GlobalSection(SolutionProperties) = preSolution
		HideSolutionNode = FALSE
	EndGlobalSection
EndGlobal
